
Microsoft Visual Studio Solution File, Format Version 12.00
# Visual Studio Version 17
VisualStudioVersion = 17.2.32526.322
MinimumVisualStudioVersion = 10.0.40219.1
Project("{FAE04EC0-301F-11D3-BF4B-00C04F79EFBC}") = "2022_Level2_Dodge", "2022_Level2_Dodge.csproj", "{1E9ABA6B-4C5C-4AA6-BD5C-FD8D44A5088D}"
EndProject
Global
	GlobalSection(SolutionConfigurationPlatforms) = preSolution
		Debug|Any CPU = Debug|Any CPU
		Release|Any CPU = Release|Any CPU
	EndGlobalSection
	GlobalSection(ProjectConfigurationPlatforms) = postSolution
		{1E9ABA6B-4C5C-4AA6-BD5C-FD8D44A5088D}.Debug|Any CPU.ActiveCfg = Debug|Any CPU
		{1E9ABA6B-4C5C-4AA6-BD5C-FD8D44A5088D}.Debug|Any CPU.Build.0 = Debug|Any CPU
		{1E9ABA6B-4C5C-4AA6-BD5C-FD8D44A5088D}.Release|Any CPU.ActiveCfg = Release|Any CPU
		{1E9ABA6B-4C5C-4AA6-BD5C-FD8D44A5088D}.Release|Any CPU.Build.0 = Release|Any CPU
	EndGlobalSection
	GlobalSection(SolutionProperties) = preSolution
		HideSolutionNode = FALSE
	EndGlobalSection
	GlobalSection(ExtensibilityGlobals) = postSolution
		SolutionGuid = {64DFC855-9D9E-4629-816C-F3D762989427}
	EndGlobalSection
EndGlobal
